
Microsoft Visual Studio Solution File, Format Version 12.00
# Visual Studio Version 17
VisualStudioVersion = 17.0.31903.59
MinimumVisualStudioVersion = 10.0.40219.1
Project("{FAE04EC0-301F-11D3-BF4B-00C04F79EFBC}") = "FactorialService", "FactorialService\FactorialService.csproj", "{EF0CB5B1-CFF3-4BAA-BC0B-6B65070DCCFF}"
EndProject
Project("{FAE04EC0-301F-11D3-BF4B-00C04F79EFBC}") = "FactorialService.Tests", "FactorialService.Tests\FactorialService.Tests.csproj", "{3F2E2F7A-59B5-4AB3-854F-0B7A4D8C9389}"
EndProject
Project("{FAE04EC0-301F-11D3-BF4B-00C04F79EFBC}") = "Web", "Web\Web.csproj", "{09AB3207-35D0-4120-9E17-1CE2A1C21CB0}"
EndProject
Global
	GlobalSection(SolutionConfigurationPlatforms) = preSolution
		Debug|Any CPU = Debug|Any CPU
		Release|Any CPU = Release|Any CPU
	EndGlobalSection
	GlobalSection(SolutionProperties) = preSolution
		HideSolutionNode = FALSE
	EndGlobalSection
	GlobalSection(ProjectConfigurationPlatforms) = postSolution
		{EF0CB5B1-CFF3-4BAA-BC0B-6B65070DCCFF}.Debug|Any CPU.ActiveCfg = Debug|Any CPU
		{EF0CB5B1-CFF3-4BAA-BC0B-6B65070DCCFF}.Debug|Any CPU.Build.0 = Debug|Any CPU
		{EF0CB5B1-CFF3-4BAA-BC0B-6B65070DCCFF}.Release|Any CPU.ActiveCfg = Release|Any CPU
		{EF0CB5B1-CFF3-4BAA-BC0B-6B65070DCCFF}.Release|Any CPU.Build.0 = Release|Any CPU
		{3F2E2F7A-59B5-4AB3-854F-0B7A4D8C9389}.Debug|Any CPU.ActiveCfg = Debug|Any CPU
		{3F2E2F7A-59B5-4AB3-854F-0B7A4D8C9389}.Debug|Any CPU.Build.0 = Debug|Any CPU
		{3F2E2F7A-59B5-4AB3-854F-0B7A4D8C9389}.Release|Any CPU.ActiveCfg = Release|Any CPU
		{3F2E2F7A-59B5-4AB3-854F-0B7A4D8C9389}.Release|Any CPU.Build.0 = Release|Any CPU
		{09AB3207-35D0-4120-9E17-1CE2A1C21CB0}.Debug|Any CPU.ActiveCfg = Debug|Any CPU
		{09AB3207-35D0-4120-9E17-1CE2A1C21CB0}.Debug|Any CPU.Build.0 = Debug|Any CPU
		{09AB3207-35D0-4120-9E17-1CE2A1C21CB0}.Release|Any CPU.ActiveCfg = Release|Any CPU
		{09AB3207-35D0-4120-9E17-1CE2A1C21CB0}.Release|Any CPU.Build.0 = Release|Any CPU
	EndGlobalSection
EndGlobal
